// !$*UTF8*$!
{
	archiveVersion = 1;
	classes = {
	};
	objectVersion = 56;
	objects = {

/* Begin PBXBuildFile section */
		704AE12B2B5BAD5000693CFA /* ThreadsCloneSwiftUIApp.swift in Sources */ = {isa = PBXBuildFile; fileRef = 704AE12A2B5BAD5000693CFA /* ThreadsCloneSwiftUIApp.swift */; };
		704AE12D2B5BAD5000693CFA /* ContentView.swift in Sources */ = {isa = PBXBuildFile; fileRef = 704AE12C2B5BAD5000693CFA /* ContentView.swift */; };
		704AE12F2B5BAD5100693CFA /* Assets.xcassets in Resources */ = {isa = PBXBuildFile; fileRef = 704AE12E2B5BAD5100693CFA /* Assets.xcassets */; };
		704AE1322B5BAD5100693CFA /* Preview Assets.xcassets in Resources */ = {isa = PBXBuildFile; fileRef = 704AE1312B5BAD5100693CFA /* Preview Assets.xcassets */; };
		704AE1432B61026700693CFA /* LoginView.swift in Sources */ = {isa = PBXBuildFile; fileRef = 704AE1422B61026700693CFA /* LoginView.swift */; };
		704AE1452B610A9E00693CFA /* RegistrationView.swift in Sources */ = {isa = PBXBuildFile; fileRef = 704AE1442B610A9E00693CFA /* RegistrationView.swift */; };
		704AE14A2B610CA400693CFA /* AuthFieldModifier.swift in Sources */ = {isa = PBXBuildFile; fileRef = 704AE1492B610CA400693CFA /* AuthFieldModifier.swift */; };
		704AE14C2B610DFC00693CFA /* AuthActionButtonModifier.swift in Sources */ = {isa = PBXBuildFile; fileRef = 704AE14B2B610DFC00693CFA /* AuthActionButtonModifier.swift */; };
		704AE14E2B61111C00693CFA /* MainTabView.swift in Sources */ = {isa = PBXBuildFile; fileRef = 704AE14D2B61111C00693CFA /* MainTabView.swift */; };
		704AE1582B62799B00693CFA /* FeedView.swift in Sources */ = {isa = PBXBuildFile; fileRef = 704AE1572B62799B00693CFA /* FeedView.swift */; };
		704AE15A2B6279A700693CFA /* FeedViewModel.swift in Sources */ = {isa = PBXBuildFile; fileRef = 704AE1592B6279A700693CFA /* FeedViewModel.swift */; };
		704AE15C2B627AFA00693CFA /* ThreadItemView.swift in Sources */ = {isa = PBXBuildFile; fileRef = 704AE15B2B627AFA00693CFA /* ThreadItemView.swift */; };
		704AE15E2B6288DC00693CFA /* ExploreView.swift in Sources */ = {isa = PBXBuildFile; fileRef = 704AE15D2B6288DC00693CFA /* ExploreView.swift */; };
		704AE1602B6288EC00693CFA /* ExploreViewModel.swift in Sources */ = {isa = PBXBuildFile; fileRef = 704AE15F2B6288EC00693CFA /* ExploreViewModel.swift */; };
		704AE1642B628B5D00693CFA /* UserItemView.swift in Sources */ = {isa = PBXBuildFile; fileRef = 704AE1632B628B5D00693CFA /* UserItemView.swift */; };
		704AE1662B628E7F00693CFA /* AvatarImageView.swift in Sources */ = {isa = PBXBuildFile; fileRef = 704AE1652B628E7F00693CFA /* AvatarImageView.swift */; };
		704AE1682B6294DE00693CFA /* ProfileView.swift in Sources */ = {isa = PBXBuildFile; fileRef = 704AE1672B6294DE00693CFA /* ProfileView.swift */; };
		704AE16A2B6294ED00693CFA /* ProfileViewModel.swift in Sources */ = {isa = PBXBuildFile; fileRef = 704AE1692B6294ED00693CFA /* ProfileViewModel.swift */; };
		704AE16C2B629B7F00693CFA /* ProfileViewSegmentedControl.swift in Sources */ = {isa = PBXBuildFile; fileRef = 704AE16B2B629B7F00693CFA /* ProfileViewSegmentedControl.swift */; };
		704AE16F2B63E53400693CFA /* EditProfileView.swift in Sources */ = {isa = PBXBuildFile; fileRef = 704AE16E2B63E53400693CFA /* EditProfileView.swift */; };
		704AE1712B63F22300693CFA /* NewThreadView.swift in Sources */ = {isa = PBXBuildFile; fileRef = 704AE1702B63F22300693CFA /* NewThreadView.swift */; };
		70F030D12B6408A100FCDAF2 /* FirebaseAnalytics in Frameworks */ = {isa = PBXBuildFile; productRef = 70F030D02B6408A100FCDAF2 /* FirebaseAnalytics */; };
		70F030D32B6408A100FCDAF2 /* FirebaseAnalyticsOnDeviceConversion in Frameworks */ = {isa = PBXBuildFile; productRef = 70F030D22B6408A100FCDAF2 /* FirebaseAnalyticsOnDeviceConversion */; };
		70F030D52B6408A100FCDAF2 /* FirebaseAnalyticsSwift in Frameworks */ = {isa = PBXBuildFile; productRef = 70F030D42B6408A100FCDAF2 /* FirebaseAnalyticsSwift */; };
		70F030D72B6408A100FCDAF2 /* FirebaseAnalyticsWithoutAdIdSupport in Frameworks */ = {isa = PBXBuildFile; productRef = 70F030D62B6408A100FCDAF2 /* FirebaseAnalyticsWithoutAdIdSupport */; };
		70F030D92B6408A100FCDAF2 /* FirebaseAppCheck in Frameworks */ = {isa = PBXBuildFile; productRef = 70F030D82B6408A100FCDAF2 /* FirebaseAppCheck */; };
		70F030DB2B6408A100FCDAF2 /* FirebaseAppDistribution-Beta in Frameworks */ = {isa = PBXBuildFile; productRef = 70F030DA2B6408A100FCDAF2 /* FirebaseAppDistribution-Beta */; };
		70F030DD2B6408A100FCDAF2 /* FirebaseAuth in Frameworks */ = {isa = PBXBuildFile; productRef = 70F030DC2B6408A100FCDAF2 /* FirebaseAuth */; };
		70F030DF2B6408A100FCDAF2 /* FirebaseAuthCombine-Community in Frameworks */ = {isa = PBXBuildFile; productRef = 70F030DE2B6408A100FCDAF2 /* FirebaseAuthCombine-Community */; };
		70F030E12B6408A100FCDAF2 /* FirebaseCrashlytics in Frameworks */ = {isa = PBXBuildFile; productRef = 70F030E02B6408A100FCDAF2 /* FirebaseCrashlytics */; };
		70F030E32B6408A100FCDAF2 /* FirebaseDatabase in Frameworks */ = {isa = PBXBuildFile; productRef = 70F030E22B6408A100FCDAF2 /* FirebaseDatabase */; };
		70F030E52B6408A100FCDAF2 /* FirebaseDatabaseSwift in Frameworks */ = {isa = PBXBuildFile; productRef = 70F030E42B6408A100FCDAF2 /* FirebaseDatabaseSwift */; };
		70F030E72B6408A100FCDAF2 /* FirebaseDynamicLinks in Frameworks */ = {isa = PBXBuildFile; productRef = 70F030E62B6408A100FCDAF2 /* FirebaseDynamicLinks */; };
		70F030E92B6408A100FCDAF2 /* FirebaseFirestore in Frameworks */ = {isa = PBXBuildFile; productRef = 70F030E82B6408A100FCDAF2 /* FirebaseFirestore */; };
		70F030EB2B6408A100FCDAF2 /* FirebaseFirestoreCombine-Community in Frameworks */ = {isa = PBXBuildFile; productRef = 70F030EA2B6408A100FCDAF2 /* FirebaseFirestoreCombine-Community */; };
		70F030ED2B6408A100FCDAF2 /* FirebaseFirestoreSwift in Frameworks */ = {isa = PBXBuildFile; productRef = 70F030EC2B6408A100FCDAF2 /* FirebaseFirestoreSwift */; };
		70F030EF2B640A3A00FCDAF2 /* GoogleService-Info.plist in Resources */ = {isa = PBXBuildFile; fileRef = 70F030EE2B640A3A00FCDAF2 /* GoogleService-Info.plist */; };
		70F030F32B65210000FCDAF2 /* RegistrationViewModel.swift in Sources */ = {isa = PBXBuildFile; fileRef = 70F030F22B65210000FCDAF2 /* RegistrationViewModel.swift */; };
		70F030F62B6521D900FCDAF2 /* AuthService.swift in Sources */ = {isa = PBXBuildFile; fileRef = 70F030F52B6521D900FCDAF2 /* AuthService.swift */; };
		70F030FB2B6543CF00FCDAF2 /* ContentViewModel.swift in Sources */ = {isa = PBXBuildFile; fileRef = 70F030FA2B6543CF00FCDAF2 /* ContentViewModel.swift */; };
		70F030FD2B654B9300FCDAF2 /* LoginViewModel.swift in Sources */ = {isa = PBXBuildFile; fileRef = 70F030FC2B654B9300FCDAF2 /* LoginViewModel.swift */; };
		70F031002B66645E00FCDAF2 /* User.swift in Sources */ = {isa = PBXBuildFile; fileRef = 70F030FF2B66645E00FCDAF2 /* User.swift */; };
		70F031022B66779E00FCDAF2 /* UserService.swift in Sources */ = {isa = PBXBuildFile; fileRef = 70F031012B66779E00FCDAF2 /* UserService.swift */; };
		70F031052B68148C00FCDAF2 /* DeveloperPreview.swift in Sources */ = {isa = PBXBuildFile; fileRef = 70F031042B68148C00FCDAF2 /* DeveloperPreview.swift */; };
/* End PBXBuildFile section */

/* Begin PBXFileReference section */
		704AE1272B5BAD5000693CFA /* ThreadsCloneSwiftUI.app */ = {isa = PBXFileReference; explicitFileType = wrapper.application; includeInIndex = 0; path = ThreadsCloneSwiftUI.app; sourceTree = BUILT_PRODUCTS_DIR; };
		704AE12A2B5BAD5000693CFA /* ThreadsCloneSwiftUIApp.swift */ = {isa = PBXFileReference; lastKnownFileType = sourcecode.swift; path = ThreadsCloneSwiftUIApp.swift; sourceTree = "<group>"; };
		704AE12C2B5BAD5000693CFA /* ContentView.swift */ = {isa = PBXFileReference; lastKnownFileType = sourcecode.swift; path = ContentView.swift; sourceTree = "<group>"; };
		704AE12E2B5BAD5100693CFA /* Assets.xcassets */ = {isa = PBXFileReference; lastKnownFileType = folder.assetcatalog; path = Assets.xcassets; sourceTree = "<group>"; };
		704AE1312B5BAD5100693CFA /* Preview Assets.xcassets */ = {isa = PBXFileReference; lastKnownFileType = folder.assetcatalog; path = "Preview Assets.xcassets"; sourceTree = "<group>"; };
		704AE1422B61026700693CFA /* LoginView.swift */ = {isa = PBXFileReference; lastKnownFileType = sourcecode.swift; path = LoginView.swift; sourceTree = "<group>"; };
		704AE1442B610A9E00693CFA /* RegistrationView.swift */ = {isa = PBXFileReference; lastKnownFileType = sourcecode.swift; path = RegistrationView.swift; sourceTree = "<group>"; };
		704AE1492B610CA400693CFA /* AuthFieldModifier.swift */ = {isa = PBXFileReference; lastKnownFileType = sourcecode.swift; path = AuthFieldModifier.swift; sourceTree = "<group>"; };
		704AE14B2B610DFC00693CFA /* AuthActionButtonModifier.swift */ = {isa = PBXFileReference; lastKnownFileType = sourcecode.swift; path = AuthActionButtonModifier.swift; sourceTree = "<group>"; };
		704AE14D2B61111C00693CFA /* MainTabView.swift */ = {isa = PBXFileReference; lastKnownFileType = sourcecode.swift; path = MainTabView.swift; sourceTree = "<group>"; };
		704AE1572B62799B00693CFA /* FeedView.swift */ = {isa = PBXFileReference; lastKnownFileType = sourcecode.swift; path = FeedView.swift; sourceTree = "<group>"; };
		704AE1592B6279A700693CFA /* FeedViewModel.swift */ = {isa = PBXFileReference; lastKnownFileType = sourcecode.swift; path = FeedViewModel.swift; sourceTree = "<group>"; };
		704AE15B2B627AFA00693CFA /* ThreadItemView.swift */ = {isa = PBXFileReference; lastKnownFileType = sourcecode.swift; path = ThreadItemView.swift; sourceTree = "<group>"; };
		704AE15D2B6288DC00693CFA /* ExploreView.swift */ = {isa = PBXFileReference; lastKnownFileType = sourcecode.swift; path = ExploreView.swift; sourceTree = "<group>"; };
		704AE15F2B6288EC00693CFA /* ExploreViewModel.swift */ = {isa = PBXFileReference; lastKnownFileType = sourcecode.swift; path = ExploreViewModel.swift; sourceTree = "<group>"; };
		704AE1632B628B5D00693CFA /* UserItemView.swift */ = {isa = PBXFileReference; lastKnownFileType = sourcecode.swift; path = UserItemView.swift; sourceTree = "<group>"; };
		704AE1652B628E7F00693CFA /* AvatarImageView.swift */ = {isa = PBXFileReference; lastKnownFileType = sourcecode.swift; path = AvatarImageView.swift; sourceTree = "<group>"; };
		704AE1672B6294DE00693CFA /* ProfileView.swift */ = {isa = PBXFileReference; lastKnownFileType = sourcecode.swift; path = ProfileView.swift; sourceTree = "<group>"; };
		704AE1692B6294ED00693CFA /* ProfileViewModel.swift */ = {isa = PBXFileReference; lastKnownFileType = sourcecode.swift; path = ProfileViewModel.swift; sourceTree = "<group>"; };
		704AE16B2B629B7F00693CFA /* ProfileViewSegmentedControl.swift */ = {isa = PBXFileReference; lastKnownFileType = sourcecode.swift; path = ProfileViewSegmentedControl.swift; sourceTree = "<group>"; };
		704AE16E2B63E53400693CFA /* EditProfileView.swift */ = {isa = PBXFileReference; lastKnownFileType = sourcecode.swift; path = EditProfileView.swift; sourceTree = "<group>"; };
		704AE1702B63F22300693CFA /* NewThreadView.swift */ = {isa = PBXFileReference; lastKnownFileType = sourcecode.swift; path = NewThreadView.swift; sourceTree = "<group>"; };
		70F030EE2B640A3A00FCDAF2 /* GoogleService-Info.plist */ = {isa = PBXFileReference; fileEncoding = 4; lastKnownFileType = text.plist.xml; path = "GoogleService-Info.plist"; sourceTree = "<group>"; };
		70F030F22B65210000FCDAF2 /* RegistrationViewModel.swift */ = {isa = PBXFileReference; lastKnownFileType = sourcecode.swift; path = RegistrationViewModel.swift; sourceTree = "<group>"; };
		70F030F52B6521D900FCDAF2 /* AuthService.swift */ = {isa = PBXFileReference; lastKnownFileType = sourcecode.swift; path = AuthService.swift; sourceTree = "<group>"; };
		70F030FA2B6543CF00FCDAF2 /* ContentViewModel.swift */ = {isa = PBXFileReference; lastKnownFileType = sourcecode.swift; path = ContentViewModel.swift; sourceTree = "<group>"; };
		70F030FC2B654B9300FCDAF2 /* LoginViewModel.swift */ = {isa = PBXFileReference; lastKnownFileType = sourcecode.swift; path = LoginViewModel.swift; sourceTree = "<group>"; };
		70F030FF2B66645E00FCDAF2 /* User.swift */ = {isa = PBXFileReference; lastKnownFileType = sourcecode.swift; path = User.swift; sourceTree = "<group>"; };
		70F031012B66779E00FCDAF2 /* UserService.swift */ = {isa = PBXFileReference; lastKnownFileType = sourcecode.swift; path = UserService.swift; sourceTree = "<group>"; };
		70F031042B68148C00FCDAF2 /* DeveloperPreview.swift */ = {isa = PBXFileReference; lastKnownFileType = sourcecode.swift; path = DeveloperPreview.swift; sourceTree = "<group>"; };
/* End PBXFileReference section */

/* Begin PBXFrameworksBuildPhase section */
		704AE1242B5BAD5000693CFA /* Frameworks */ = {
			isa = PBXFrameworksBuildPhase;
			buildActionMask = 2147483647;
			files = (
				70F030E32B6408A100FCDAF2 /* FirebaseDatabase in Frameworks */,
				70F030E92B6408A100FCDAF2 /* FirebaseFirestore in Frameworks */,
				70F030D52B6408A100FCDAF2 /* FirebaseAnalyticsSwift in Frameworks */,
				70F030D12B6408A100FCDAF2 /* FirebaseAnalytics in Frameworks */,
				70F030D32B6408A100FCDAF2 /* FirebaseAnalyticsOnDeviceConversion in Frameworks */,
				70F030ED2B6408A100FCDAF2 /* FirebaseFirestoreSwift in Frameworks */,
				70F030D92B6408A100FCDAF2 /* FirebaseAppCheck in Frameworks */,
				70F030D72B6408A100FCDAF2 /* FirebaseAnalyticsWithoutAdIdSupport in Frameworks */,
				70F030DD2B6408A100FCDAF2 /* FirebaseAuth in Frameworks */,
				70F030E12B6408A100FCDAF2 /* FirebaseCrashlytics in Frameworks */,
				70F030E52B6408A100FCDAF2 /* FirebaseDatabaseSwift in Frameworks */,
				70F030DB2B6408A100FCDAF2 /* FirebaseAppDistribution-Beta in Frameworks */,
				70F030DF2B6408A100FCDAF2 /* FirebaseAuthCombine-Community in Frameworks */,
				70F030E72B6408A100FCDAF2 /* FirebaseDynamicLinks in Frameworks */,
				70F030EB2B6408A100FCDAF2 /* FirebaseFirestoreCombine-Community in Frameworks */,
			);
			runOnlyForDeploymentPostprocessing = 0;
		};
/* End PBXFrameworksBuildPhase section */

/* Begin PBXGroup section */
		704AE11E2B5BAD5000693CFA = {
			isa = PBXGroup;
			children = (
				704AE1292B5BAD5000693CFA /* ThreadsCloneSwiftUI */,
				704AE1282B5BAD5000693CFA /* Products */,
			);
			sourceTree = "<group>";
		};
		704AE1282B5BAD5000693CFA /* Products */ = {
			isa = PBXGroup;
			children = (
				704AE1272B5BAD5000693CFA /* ThreadsCloneSwiftUI.app */,
			);
			name = Products;
			sourceTree = "<group>";
		};
		704AE1292B5BAD5000693CFA /* ThreadsCloneSwiftUI */ = {
			isa = PBXGroup;
			children = (
				70F030FE2B66643A00FCDAF2 /* Models */,
				70F030F42B6521CA00FCDAF2 /* Services */,
				704AE14F2B6116F700693CFA /* App */,
				704AE1502B61170E00693CFA /* Authorization flow */,
				704AE1512B61178B00693CFA /* Main flow */,
				70F030C82B64070400FCDAF2 /* Components */,
				70F031032B68146C00FCDAF2 /* Utility */,
				704AE1412B61020000693CFA /* Supporting files */,
				704AE1302B5BAD5100693CFA /* Preview Content */,
				70F030EE2B640A3A00FCDAF2 /* GoogleService-Info.plist */,
			);
			path = ThreadsCloneSwiftUI;
			sourceTree = "<group>";
		};
		704AE1302B5BAD5100693CFA /* Preview Content */ = {
			isa = PBXGroup;
			children = (
				704AE1312B5BAD5100693CFA /* Preview Assets.xcassets */,
			);
			path = "Preview Content";
			sourceTree = "<group>";
		};
		704AE1412B61020000693CFA /* Supporting files */ = {
			isa = PBXGroup;
			children = (
				704AE12E2B5BAD5100693CFA /* Assets.xcassets */,
			);
			path = "Supporting files";
			sourceTree = "<group>";
		};
		704AE14F2B6116F700693CFA /* App */ = {
			isa = PBXGroup;
			children = (
				704AE12A2B5BAD5000693CFA /* ThreadsCloneSwiftUIApp.swift */,
				70F030F72B65437600FCDAF2 /* Root */,
			);
			path = App;
			sourceTree = "<group>";
		};
		704AE1502B61170E00693CFA /* Authorization flow */ = {
			isa = PBXGroup;
			children = (
				70F030F02B65203D00FCDAF2 /* LoginView */,
				70F030F12B65205E00FCDAF2 /* RegisterView */,
			);
			path = "Authorization flow";
			sourceTree = "<group>";
		};
		704AE1512B61178B00693CFA /* Main flow */ = {
			isa = PBXGroup;
			children = (
				704AE1522B6117AD00693CFA /* Feed */,
				704AE1532B6117D600693CFA /* Explore */,
				704AE1542B6117E000693CFA /* NewThread */,
				704AE1552B6117F800693CFA /* Favorites */,
				704AE1562B61180600693CFA /* Profile */,
			);
			path = "Main flow";
			sourceTree = "<group>";
		};
		704AE1522B6117AD00693CFA /* Feed */ = {
			isa = PBXGroup;
			children = (
				704AE1572B62799B00693CFA /* FeedView.swift */,
				704AE1592B6279A700693CFA /* FeedViewModel.swift */,
			);
			path = Feed;
			sourceTree = "<group>";
		};
		704AE1532B6117D600693CFA /* Explore */ = {
			isa = PBXGroup;
			children = (
				704AE15D2B6288DC00693CFA /* ExploreView.swift */,
				704AE15F2B6288EC00693CFA /* ExploreViewModel.swift */,
			);
			path = Explore;
			sourceTree = "<group>";
		};
		704AE1542B6117E000693CFA /* NewThread */ = {
			isa = PBXGroup;
			children = (
				704AE1702B63F22300693CFA /* NewThreadView.swift */,
			);
			path = NewThread;
			sourceTree = "<group>";
		};
		704AE1552B6117F800693CFA /* Favorites */ = {
			isa = PBXGroup;
			children = (
			);
			path = Favorites;
			sourceTree = "<group>";
		};
		704AE1562B61180600693CFA /* Profile */ = {
			isa = PBXGroup;
			children = (
				704AE16D2B63E52200693CFA /* EditProfile */,
				704AE1672B6294DE00693CFA /* ProfileView.swift */,
				704AE1692B6294ED00693CFA /* ProfileViewModel.swift */,
			);
			path = Profile;
			sourceTree = "<group>";
		};
		704AE16D2B63E52200693CFA /* EditProfile */ = {
			isa = PBXGroup;
			children = (
				704AE16E2B63E53400693CFA /* EditProfileView.swift */,
			);
			path = EditProfile;
			sourceTree = "<group>";
		};
		70F030C82B64070400FCDAF2 /* Components */ = {
			isa = PBXGroup;
			children = (
				70F030CA2B64072300FCDAF2 /* Modifiers */,
				70F030C92B64071C00FCDAF2 /* Views */,
			);
			path = Components;
			sourceTree = "<group>";
		};
		70F030C92B64071C00FCDAF2 /* Views */ = {
			isa = PBXGroup;
			children = (
				704AE1652B628E7F00693CFA /* AvatarImageView.swift */,
				704AE15B2B627AFA00693CFA /* ThreadItemView.swift */,
				704AE1632B628B5D00693CFA /* UserItemView.swift */,
				704AE16B2B629B7F00693CFA /* ProfileViewSegmentedControl.swift */,
			);
			path = Views;
			sourceTree = "<group>";
		};
		70F030CA2B64072300FCDAF2 /* Modifiers */ = {
			isa = PBXGroup;
			children = (
				704AE1492B610CA400693CFA /* AuthFieldModifier.swift */,
				704AE14B2B610DFC00693CFA /* AuthActionButtonModifier.swift */,
			);
			path = Modifiers;
			sourceTree = "<group>";
		};
		70F030F02B65203D00FCDAF2 /* LoginView */ = {
			isa = PBXGroup;
			children = (
				704AE1422B61026700693CFA /* LoginView.swift */,
				70F030FC2B654B9300FCDAF2 /* LoginViewModel.swift */,
			);
			path = LoginView;
			sourceTree = "<group>";
		};
		70F030F12B65205E00FCDAF2 /* RegisterView */ = {
			isa = PBXGroup;
			children = (
				704AE1442B610A9E00693CFA /* RegistrationView.swift */,
				70F030F22B65210000FCDAF2 /* RegistrationViewModel.swift */,
			);
			path = RegisterView;
			sourceTree = "<group>";
		};
		70F030F42B6521CA00FCDAF2 /* Services */ = {
			isa = PBXGroup;
			children = (
				70F030F52B6521D900FCDAF2 /* AuthService.swift */,
				70F031012B66779E00FCDAF2 /* UserService.swift */,
			);
			path = Services;
			sourceTree = "<group>";
		};
		70F030F72B65437600FCDAF2 /* Root */ = {
			isa = PBXGroup;
			children = (
				70F030F82B6543B400FCDAF2 /* ContentView */,
				70F030F92B6543BE00FCDAF2 /* MainTabView */,
			);
			path = Root;
			sourceTree = "<group>";
		};
		70F030F82B6543B400FCDAF2 /* ContentView */ = {
			isa = PBXGroup;
			children = (
				704AE12C2B5BAD5000693CFA /* ContentView.swift */,
				70F030FA2B6543CF00FCDAF2 /* ContentViewModel.swift */,
			);
			path = ContentView;
			sourceTree = "<group>";
		};
		70F030F92B6543BE00FCDAF2 /* MainTabView */ = {
			isa = PBXGroup;
			children = (
				704AE14D2B61111C00693CFA /* MainTabView.swift */,
			);
			path = MainTabView;
			sourceTree = "<group>";
		};
		70F030FE2B66643A00FCDAF2 /* Models */ = {
			isa = PBXGroup;
			children = (
				70F030FF2B66645E00FCDAF2 /* User.swift */,
			);
			path = Models;
			sourceTree = "<group>";
		};
		70F031032B68146C00FCDAF2 /* Utility */ = {
			isa = PBXGroup;
			children = (
				70F031042B68148C00FCDAF2 /* DeveloperPreview.swift */,
			);
			path = Utility;
			sourceTree = "<group>";
		};
/* End PBXGroup section */

/* Begin PBXNativeTarget section */
		704AE1262B5BAD5000693CFA /* ThreadsCloneSwiftUI */ = {
			isa = PBXNativeTarget;
			buildConfigurationList = 704AE1352B5BAD5100693CFA /* Build configuration list for PBXNativeTarget "ThreadsCloneSwiftUI" */;
			buildPhases = (
				704AE1232B5BAD5000693CFA /* Sources */,
				704AE1242B5BAD5000693CFA /* Frameworks */,
				704AE1252B5BAD5000693CFA /* Resources */,
			);
			buildRules = (
			);
			dependencies = (
			);
			name = ThreadsCloneSwiftUI;
			packageProductDependencies = (
				70F030D02B6408A100FCDAF2 /* FirebaseAnalytics */,
				70F030D22B6408A100FCDAF2 /* FirebaseAnalyticsOnDeviceConversion */,
				70F030D42B6408A100FCDAF2 /* FirebaseAnalyticsSwift */,
				70F030D62B6408A100FCDAF2 /* FirebaseAnalyticsWithoutAdIdSupport */,
				70F030D82B6408A100FCDAF2 /* FirebaseAppCheck */,
				70F030DA2B6408A100FCDAF2 /* FirebaseAppDistribution-Beta */,
				70F030DC2B6408A100FCDAF2 /* FirebaseAuth */,
				70F030DE2B6408A100FCDAF2 /* FirebaseAuthCombine-Community */,
				70F030E02B6408A100FCDAF2 /* FirebaseCrashlytics */,
				70F030E22B6408A100FCDAF2 /* FirebaseDatabase */,
				70F030E42B6408A100FCDAF2 /* FirebaseDatabaseSwift */,
				70F030E62B6408A100FCDAF2 /* FirebaseDynamicLinks */,
				70F030E82B6408A100FCDAF2 /* FirebaseFirestore */,
				70F030EA2B6408A100FCDAF2 /* FirebaseFirestoreCombine-Community */,
				70F030EC2B6408A100FCDAF2 /* FirebaseFirestoreSwift */,
			);
			productName = ThreadsCloneSwiftUI;
			productReference = 704AE1272B5BAD5000693CFA /* ThreadsCloneSwiftUI.app */;
			productType = "com.apple.product-type.application";
		};
/* End PBXNativeTarget section */

/* Begin PBXProject section */
		704AE11F2B5BAD5000693CFA /* Project object */ = {
			isa = PBXProject;
			attributes = {
				BuildIndependentTargetsInParallel = 1;
				LastSwiftUpdateCheck = 1520;
				LastUpgradeCheck = 1520;
				TargetAttributes = {
					704AE1262B5BAD5000693CFA = {
						CreatedOnToolsVersion = 15.2;
					};
				};
			};
			buildConfigurationList = 704AE1222B5BAD5000693CFA /* Build configuration list for PBXProject "ThreadsCloneSwiftUI" */;
			compatibilityVersion = "Xcode 14.0";
			developmentRegion = en;
			hasScannedForEncodings = 0;
			knownRegions = (
				en,
				Base,
			);
			mainGroup = 704AE11E2B5BAD5000693CFA;
			packageReferences = (
				70F030CF2B6408A100FCDAF2 /* XCRemoteSwiftPackageReference "firebase-ios-sdk" */,
			);
			productRefGroup = 704AE1282B5BAD5000693CFA /* Products */;
			projectDirPath = "";
			projectRoot = "";
			targets = (
				704AE1262B5BAD5000693CFA /* ThreadsCloneSwiftUI */,
			);
		};
/* End PBXProject section */

/* Begin PBXResourcesBuildPhase section */
		704AE1252B5BAD5000693CFA /* Resources */ = {
			isa = PBXResourcesBuildPhase;
			buildActionMask = 2147483647;
			files = (
				704AE1322B5BAD5100693CFA /* Preview Assets.xcassets in Resources */,
				704AE12F2B5BAD5100693CFA /* Assets.xcassets in Resources */,
				70F030EF2B640A3A00FCDAF2 /* GoogleService-Info.plist in Resources */,
			);
			runOnlyForDeploymentPostprocessing = 0;
		};
/* End PBXResourcesBuildPhase section */

/* Begin PBXSourcesBuildPhase section */
		704AE1232B5BAD5000693CFA /* Sources */ = {
			isa = PBXSourcesBuildPhase;
			buildActionMask = 2147483647;
			files = (
				70F030FD2B654B9300FCDAF2 /* LoginViewModel.swift in Sources */,
				70F031022B66779E00FCDAF2 /* UserService.swift in Sources */,
				704AE16F2B63E53400693CFA /* EditProfileView.swift in Sources */,
				704AE1602B6288EC00693CFA /* ExploreViewModel.swift in Sources */,
				704AE15E2B6288DC00693CFA /* ExploreView.swift in Sources */,
				704AE1582B62799B00693CFA /* FeedView.swift in Sources */,
				704AE1432B61026700693CFA /* LoginView.swift in Sources */,
				70F030F32B65210000FCDAF2 /* RegistrationViewModel.swift in Sources */,
				70F030F62B6521D900FCDAF2 /* AuthService.swift in Sources */,
				70F031052B68148C00FCDAF2 /* DeveloperPreview.swift in Sources */,
				704AE14E2B61111C00693CFA /* MainTabView.swift in Sources */,
				704AE15C2B627AFA00693CFA /* ThreadItemView.swift in Sources */,
				704AE1642B628B5D00693CFA /* UserItemView.swift in Sources */,
				704AE16C2B629B7F00693CFA /* ProfileViewSegmentedControl.swift in Sources */,
				704AE1682B6294DE00693CFA /* ProfileView.swift in Sources */,
				704AE12D2B5BAD5000693CFA /* ContentView.swift in Sources */,
				704AE14C2B610DFC00693CFA /* AuthActionButtonModifier.swift in Sources */,
				704AE1712B63F22300693CFA /* NewThreadView.swift in Sources */,
				704AE12B2B5BAD5000693CFA /* ThreadsCloneSwiftUIApp.swift in Sources */,
				704AE14A2B610CA400693CFA /* AuthFieldModifier.swift in Sources */,
				704AE1452B610A9E00693CFA /* RegistrationView.swift in Sources */,
				70F030FB2B6543CF00FCDAF2 /* ContentViewModel.swift in Sources */,
				70F031002B66645E00FCDAF2 /* User.swift in Sources */,
				704AE15A2B6279A700693CFA /* FeedViewModel.swift in Sources */,
				704AE16A2B6294ED00693CFA /* ProfileViewModel.swift in Sources */,
				704AE1662B628E7F00693CFA /* AvatarImageView.swift in Sources */,
			);
			runOnlyForDeploymentPostprocessing = 0;
		};
/* End PBXSourcesBuildPhase section */

/* Begin XCBuildConfiguration section */
		704AE1332B5BAD5100693CFA /* Debug */ = {
			isa = XCBuildConfiguration;
			buildSettings = {
				ALWAYS_SEARCH_USER_PATHS = NO;
				ASSETCATALOG_COMPILER_GENERATE_SWIFT_ASSET_SYMBOL_EXTENSIONS = YES;
				CLANG_ANALYZER_NONNULL = YES;
				CLANG_ANALYZER_NUMBER_OBJECT_CONVERSION = YES_AGGRESSIVE;
				CLANG_CXX_LANGUAGE_STANDARD = "gnu++20";
				CLANG_ENABLE_MODULES = YES;
				CLANG_ENABLE_OBJC_ARC = YES;
				CLANG_ENABLE_OBJC_WEAK = YES;
				CLANG_WARN_BLOCK_CAPTURE_AUTORELEASING = YES;
				CLANG_WARN_BOOL_CONVERSION = YES;
				CLANG_WARN_COMMA = YES;
				CLANG_WARN_CONSTANT_CONVERSION = YES;
				CLANG_WARN_DEPRECATED_OBJC_IMPLEMENTATIONS = YES;
				CLANG_WARN_DIRECT_OBJC_ISA_USAGE = YES_ERROR;
				CLANG_WARN_DOCUMENTATION_COMMENTS = YES;
				CLANG_WARN_EMPTY_BODY = YES;
				CLANG_WARN_ENUM_CONVERSION = YES;
				CLANG_WARN_INFINITE_RECURSION = YES;
				CLANG_WARN_INT_CONVERSION = YES;
				CLANG_WARN_NON_LITERAL_NULL_CONVERSION = YES;
				CLANG_WARN_OBJC_IMPLICIT_RETAIN_SELF = YES;
				CLANG_WARN_OBJC_LITERAL_CONVERSION = YES;
				CLANG_WARN_OBJC_ROOT_CLASS = YES_ERROR;
				CLANG_WARN_QUOTED_INCLUDE_IN_FRAMEWORK_HEADER = YES;
				CLANG_WARN_RANGE_LOOP_ANALYSIS = YES;
				CLANG_WARN_STRICT_PROTOTYPES = YES;
				CLANG_WARN_SUSPICIOUS_MOVE = YES;
				CLANG_WARN_UNGUARDED_AVAILABILITY = YES_AGGRESSIVE;
				CLANG_WARN_UNREACHABLE_CODE = YES;
				CLANG_WARN__DUPLICATE_METHOD_MATCH = YES;
				COPY_PHASE_STRIP = NO;
				DEBUG_INFORMATION_FORMAT = dwarf;
				ENABLE_STRICT_OBJC_MSGSEND = YES;
				ENABLE_TESTABILITY = YES;
				ENABLE_USER_SCRIPT_SANDBOXING = YES;
				GCC_C_LANGUAGE_STANDARD = gnu17;
				GCC_DYNAMIC_NO_PIC = NO;
				GCC_NO_COMMON_BLOCKS = YES;
				GCC_OPTIMIZATION_LEVEL = 0;
				GCC_PREPROCESSOR_DEFINITIONS = (
					"DEBUG=1",
					"$(inherited)",
				);
				GCC_WARN_64_TO_32_BIT_CONVERSION = YES;
				GCC_WARN_ABOUT_RETURN_TYPE = YES_ERROR;
				GCC_WARN_UNDECLARED_SELECTOR = YES;
				GCC_WARN_UNINITIALIZED_AUTOS = YES_AGGRESSIVE;
				GCC_WARN_UNUSED_FUNCTION = YES;
				GCC_WARN_UNUSED_VARIABLE = YES;
				IPHONEOS_DEPLOYMENT_TARGET = 17.2;
				LOCALIZATION_PREFERS_STRING_CATALOGS = YES;
				MTL_ENABLE_DEBUG_INFO = INCLUDE_SOURCE;
				MTL_FAST_MATH = YES;
				ONLY_ACTIVE_ARCH = YES;
				SDKROOT = iphoneos;
				SWIFT_ACTIVE_COMPILATION_CONDITIONS = "DEBUG $(inherited)";
				SWIFT_OPTIMIZATION_LEVEL = "-Onone";
			};
			name = Debug;
		};
		704AE1342B5BAD5100693CFA /* Release */ = {
			isa = XCBuildConfiguration;
			buildSettings = {
				ALWAYS_SEARCH_USER_PATHS = NO;
				ASSETCATALOG_COMPILER_GENERATE_SWIFT_ASSET_SYMBOL_EXTENSIONS = YES;
				CLANG_ANALYZER_NONNULL = YES;
				CLANG_ANALYZER_NUMBER_OBJECT_CONVERSION = YES_AGGRESSIVE;
				CLANG_CXX_LANGUAGE_STANDARD = "gnu++20";
				CLANG_ENABLE_MODULES = YES;
				CLANG_ENABLE_OBJC_ARC = YES;
				CLANG_ENABLE_OBJC_WEAK = YES;
				CLANG_WARN_BLOCK_CAPTURE_AUTORELEASING = YES;
				CLANG_WARN_BOOL_CONVERSION = YES;
				CLANG_WARN_COMMA = YES;
				CLANG_WARN_CONSTANT_CONVERSION = YES;
				CLANG_WARN_DEPRECATED_OBJC_IMPLEMENTATIONS = YES;
				CLANG_WARN_DIRECT_OBJC_ISA_USAGE = YES_ERROR;
				CLANG_WARN_DOCUMENTATION_COMMENTS = YES;
				CLANG_WARN_EMPTY_BODY = YES;
				CLANG_WARN_ENUM_CONVERSION = YES;
				CLANG_WARN_INFINITE_RECURSION = YES;
				CLANG_WARN_INT_CONVERSION = YES;
				CLANG_WARN_NON_LITERAL_NULL_CONVERSION = YES;
				CLANG_WARN_OBJC_IMPLICIT_RETAIN_SELF = YES;
				CLANG_WARN_OBJC_LITERAL_CONVERSION = YES;
				CLANG_WARN_OBJC_ROOT_CLASS = YES_ERROR;
				CLANG_WARN_QUOTED_INCLUDE_IN_FRAMEWORK_HEADER = YES;
				CLANG_WARN_RANGE_LOOP_ANALYSIS = YES;
				CLANG_WARN_STRICT_PROTOTYPES = YES;
				CLANG_WARN_SUSPICIOUS_MOVE = YES;
				CLANG_WARN_UNGUARDED_AVAILABILITY = YES_AGGRESSIVE;
				CLANG_WARN_UNREACHABLE_CODE = YES;
				CLANG_WARN__DUPLICATE_METHOD_MATCH = YES;
				COPY_PHASE_STRIP = NO;
				DEBUG_INFORMATION_FORMAT = "dwarf-with-dsym";
				ENABLE_NS_ASSERTIONS = NO;
				ENABLE_STRICT_OBJC_MSGSEND = YES;
				ENABLE_USER_SCRIPT_SANDBOXING = YES;
				GCC_C_LANGUAGE_STANDARD = gnu17;
				GCC_NO_COMMON_BLOCKS = YES;
				GCC_WARN_64_TO_32_BIT_CONVERSION = YES;
				GCC_WARN_ABOUT_RETURN_TYPE = YES_ERROR;
				GCC_WARN_UNDECLARED_SELECTOR = YES;
				GCC_WARN_UNINITIALIZED_AUTOS = YES_AGGRESSIVE;
				GCC_WARN_UNUSED_FUNCTION = YES;
				GCC_WARN_UNUSED_VARIABLE = YES;
				IPHONEOS_DEPLOYMENT_TARGET = 17.2;
				LOCALIZATION_PREFERS_STRING_CATALOGS = YES;
				MTL_ENABLE_DEBUG_INFO = NO;
				MTL_FAST_MATH = YES;
				SDKROOT = iphoneos;
				SWIFT_COMPILATION_MODE = wholemodule;
				VALIDATE_PRODUCT = YES;
			};
			name = Release;
		};
		704AE1362B5BAD5100693CFA /* Debug */ = {
			isa = XCBuildConfiguration;
			buildSettings = {
				ASSETCATALOG_COMPILER_APPICON_NAME = AppIcon;
				ASSETCATALOG_COMPILER_GLOBAL_ACCENT_COLOR_NAME = AccentColor;
				CODE_SIGN_STYLE = Automatic;
				CURRENT_PROJECT_VERSION = 1;
				DEVELOPMENT_ASSET_PATHS = "\"ThreadsCloneSwiftUI/Preview Content\"";
				DEVELOPMENT_TEAM = 8K9YSXMH3N;
				ENABLE_PREVIEWS = YES;
				GENERATE_INFOPLIST_FILE = YES;
				INFOPLIST_KEY_UIApplicationSceneManifest_Generation = YES;
				INFOPLIST_KEY_UIApplicationSupportsIndirectInputEvents = YES;
				INFOPLIST_KEY_UILaunchScreen_Generation = YES;
				INFOPLIST_KEY_UISupportedInterfaceOrientations_iPad = "UIInterfaceOrientationPortrait UIInterfaceOrientationPortraitUpsideDown UIInterfaceOrientationLandscapeLeft UIInterfaceOrientationLandscapeRight";
				INFOPLIST_KEY_UISupportedInterfaceOrientations_iPhone = "UIInterfaceOrientationPortrait UIInterfaceOrientationLandscapeLeft UIInterfaceOrientationLandscapeRight";
				LD_RUNPATH_SEARCH_PATHS = (
					"$(inherited)",
					"@executable_path/Frameworks",
				);
				MARKETING_VERSION = 1.0;
				PRODUCT_BUNDLE_IDENTIFIER = com.ipetrie.ThreadsCloneSwiftUI;
				PRODUCT_NAME = "$(TARGET_NAME)";
				SWIFT_EMIT_LOC_STRINGS = YES;
				SWIFT_VERSION = 5.0;
				TARGETED_DEVICE_FAMILY = "1,2";
			};
			name = Debug;
		};
		704AE1372B5BAD5100693CFA /* Release */ = {
			isa = XCBuildConfiguration;
			buildSettings = {
				ASSETCATALOG_COMPILER_APPICON_NAME = AppIcon;
				ASSETCATALOG_COMPILER_GLOBAL_ACCENT_COLOR_NAME = AccentColor;
				CODE_SIGN_STYLE = Automatic;
				CURRENT_PROJECT_VERSION = 1;
				DEVELOPMENT_ASSET_PATHS = "\"ThreadsCloneSwiftUI/Preview Content\"";
				DEVELOPMENT_TEAM = 8K9YSXMH3N;
				ENABLE_PREVIEWS = YES;
				GENERATE_INFOPLIST_FILE = YES;
				INFOPLIST_KEY_UIApplicationSceneManifest_Generation = YES;
				INFOPLIST_KEY_UIApplicationSupportsIndirectInputEvents = YES;
				INFOPLIST_KEY_UILaunchScreen_Generation = YES;
				INFOPLIST_KEY_UISupportedInterfaceOrientations_iPad = "UIInterfaceOrientationPortrait UIInterfaceOrientationPortraitUpsideDown UIInterfaceOrientationLandscapeLeft UIInterfaceOrientationLandscapeRight";
				INFOPLIST_KEY_UISupportedInterfaceOrientations_iPhone = "UIInterfaceOrientationPortrait UIInterfaceOrientationLandscapeLeft UIInterfaceOrientationLandscapeRight";
				LD_RUNPATH_SEARCH_PATHS = (
					"$(inherited)",
					"@executable_path/Frameworks",
				);
				MARKETING_VERSION = 1.0;
				PRODUCT_BUNDLE_IDENTIFIER = com.ipetrie.ThreadsCloneSwiftUI;
				PRODUCT_NAME = "$(TARGET_NAME)";
				SWIFT_EMIT_LOC_STRINGS = YES;
				SWIFT_VERSION = 5.0;
				TARGETED_DEVICE_FAMILY = "1,2";
			};
			name = Release;
		};
/* End XCBuildConfiguration section */

/* Begin XCConfigurationList section */
		704AE1222B5BAD5000693CFA /* Build configuration list for PBXProject "ThreadsCloneSwiftUI" */ = {
			isa = XCConfigurationList;
			buildConfigurations = (
				704AE1332B5BAD5100693CFA /* Debug */,
				704AE1342B5BAD5100693CFA /* Release */,
			);
			defaultConfigurationIsVisible = 0;
			defaultConfigurationName = Release;
		};
		704AE1352B5BAD5100693CFA /* Build configuration list for PBXNativeTarget "ThreadsCloneSwiftUI" */ = {
			isa = XCConfigurationList;
			buildConfigurations = (
				704AE1362B5BAD5100693CFA /* Debug */,
				704AE1372B5BAD5100693CFA /* Release */,
			);
			defaultConfigurationIsVisible = 0;
			defaultConfigurationName = Release;
		};
/* End XCConfigurationList section */

/* Begin XCRemoteSwiftPackageReference section */
		70F030CF2B6408A100FCDAF2 /* XCRemoteSwiftPackageReference "firebase-ios-sdk" */ = {
			isa = XCRemoteSwiftPackageReference;
			repositoryURL = "https://github.com/firebase/firebase-ios-sdk";
			requirement = {
				kind = upToNextMajorVersion;
				minimumVersion = 10.20.0;
			};
		};
/* End XCRemoteSwiftPackageReference section */

/* Begin XCSwiftPackageProductDependency section */
		70F030D02B6408A100FCDAF2 /* FirebaseAnalytics */ = {
			isa = XCSwiftPackageProductDependency;
			package = 70F030CF2B6408A100FCDAF2 /* XCRemoteSwiftPackageReference "firebase-ios-sdk" */;
			productName = FirebaseAnalytics;
		};
		70F030D22B6408A100FCDAF2 /* FirebaseAnalyticsOnDeviceConversion */ = {
			isa = XCSwiftPackageProductDependency;
			package = 70F030CF2B6408A100FCDAF2 /* XCRemoteSwiftPackageReference "firebase-ios-sdk" */;
			productName = FirebaseAnalyticsOnDeviceConversion;
		};
		70F030D42B6408A100FCDAF2 /* FirebaseAnalyticsSwift */ = {
			isa = XCSwiftPackageProductDependency;
			package = 70F030CF2B6408A100FCDAF2 /* XCRemoteSwiftPackageReference "firebase-ios-sdk" */;
			productName = FirebaseAnalyticsSwift;
		};
		70F030D62B6408A100FCDAF2 /* FirebaseAnalyticsWithoutAdIdSupport */ = {
			isa = XCSwiftPackageProductDependency;
			package = 70F030CF2B6408A100FCDAF2 /* XCRemoteSwiftPackageReference "firebase-ios-sdk" */;
			productName = FirebaseAnalyticsWithoutAdIdSupport;
		};
		70F030D82B6408A100FCDAF2 /* FirebaseAppCheck */ = {
			isa = XCSwiftPackageProductDependency;
			package = 70F030CF2B6408A100FCDAF2 /* XCRemoteSwiftPackageReference "firebase-ios-sdk" */;
			productName = FirebaseAppCheck;
		};
		70F030DA2B6408A100FCDAF2 /* FirebaseAppDistribution-Beta */ = {
			isa = XCSwiftPackageProductDependency;
			package = 70F030CF2B6408A100FCDAF2 /* XCRemoteSwiftPackageReference "firebase-ios-sdk" */;
			productName = "FirebaseAppDistribution-Beta";
		};
		70F030DC2B6408A100FCDAF2 /* FirebaseAuth */ = {
			isa = XCSwiftPackageProductDependency;
			package = 70F030CF2B6408A100FCDAF2 /* XCRemoteSwiftPackageReference "firebase-ios-sdk" */;
			productName = FirebaseAuth;
		};
		70F030DE2B6408A100FCDAF2 /* FirebaseAuthCombine-Community */ = {
			isa = XCSwiftPackageProductDependency;
			package = 70F030CF2B6408A100FCDAF2 /* XCRemoteSwiftPackageReference "firebase-ios-sdk" */;
			productName = "FirebaseAuthCombine-Community";
		};
		70F030E02B6408A100FCDAF2 /* FirebaseCrashlytics */ = {
			isa = XCSwiftPackageProductDependency;
			package = 70F030CF2B6408A100FCDAF2 /* XCRemoteSwiftPackageReference "firebase-ios-sdk" */;
			productName = FirebaseCrashlytics;
		};
		70F030E22B6408A100FCDAF2 /* FirebaseDatabase */ = {
			isa = XCSwiftPackageProductDependency;
			package = 70F030CF2B6408A100FCDAF2 /* XCRemoteSwiftPackageReference "firebase-ios-sdk" */;
			productName = FirebaseDatabase;
		};
		70F030E42B6408A100FCDAF2 /* FirebaseDatabaseSwift */ = {
			isa = XCSwiftPackageProductDependency;
			package = 70F030CF2B6408A100FCDAF2 /* XCRemoteSwiftPackageReference "firebase-ios-sdk" */;
			productName = FirebaseDatabaseSwift;
		};
		70F030E62B6408A100FCDAF2 /* FirebaseDynamicLinks */ = {
			isa = XCSwiftPackageProductDependency;
			package = 70F030CF2B6408A100FCDAF2 /* XCRemoteSwiftPackageReference "firebase-ios-sdk" */;
			productName = FirebaseDynamicLinks;
		};
		70F030E82B6408A100FCDAF2 /* FirebaseFirestore */ = {
			isa = XCSwiftPackageProductDependency;
			package = 70F030CF2B6408A100FCDAF2 /* XCRemoteSwiftPackageReference "firebase-ios-sdk" */;
			productName = FirebaseFirestore;
		};
		70F030EA2B6408A100FCDAF2 /* FirebaseFirestoreCombine-Community */ = {
			isa = XCSwiftPackageProductDependency;
			package = 70F030CF2B6408A100FCDAF2 /* XCRemoteSwiftPackageReference "firebase-ios-sdk" */;
			productName = "FirebaseFirestoreCombine-Community";
		};
		70F030EC2B6408A100FCDAF2 /* FirebaseFirestoreSwift */ = {
			isa = XCSwiftPackageProductDependency;
			package = 70F030CF2B6408A100FCDAF2 /* XCRemoteSwiftPackageReference "firebase-ios-sdk" */;
			productName = FirebaseFirestoreSwift;
		};
/* End XCSwiftPackageProductDependency section */
	};
	rootObject = 704AE11F2B5BAD5000693CFA /* Project object */;
}
